
Microsoft Visual Studio Solution File, Format Version 12.00
Project("{FAE04EC0-301F-11D3-BF4B-00C04F79EFBC}") = "FullStackAI", "FullStackAI\FullStackAI.csproj", "{CAE112E4-66DD-4F31-ADD3-86313CC3D397}"
EndProject
Project("{FAE04EC0-301F-11D3-BF4B-00C04F79EFBC}") = "FullStackAI.Tests", "FullStackAI.Tests\FullStackAI.Tests.csproj", "{A2B821FC-C265-4EAC-AA20-A6DA7BC19A23}"
EndProject
Global
	GlobalSection(SolutionConfigurationPlatforms) = preSolution
		Debug|Any CPU = Debug|Any CPU
		Release|Any CPU = Release|Any CPU
	EndGlobalSection
	GlobalSection(ProjectConfigurationPlatforms) = postSolution
		{CAE112E4-66DD-4F31-ADD3-86313CC3D397}.Debug|Any CPU.ActiveCfg = Debug|Any CPU
		{CAE112E4-66DD-4F31-ADD3-86313CC3D397}.Debug|Any CPU.Build.0 = Debug|Any CPU
		{CAE112E4-66DD-4F31-ADD3-86313CC3D397}.Release|Any CPU.ActiveCfg = Release|Any CPU
		{CAE112E4-66DD-4F31-ADD3-86313CC3D397}.Release|Any CPU.Build.0 = Release|Any CPU
		{A2B821FC-C265-4EAC-AA20-A6DA7BC19A23}.Debug|Any CPU.ActiveCfg = Debug|Any CPU
		{A2B821FC-C265-4EAC-AA20-A6DA7BC19A23}.Debug|Any CPU.Build.0 = Debug|Any CPU
		{A2B821FC-C265-4EAC-AA20-A6DA7BC19A23}.Release|Any CPU.ActiveCfg = Release|Any CPU
		{A2B821FC-C265-4EAC-AA20-A6DA7BC19A23}.Release|Any CPU.Build.0 = Release|Any CPU
	EndGlobalSection
EndGlobal
